
Microsoft Visual Studio Solution File, Format Version 12.00
# Visual Studio 15
VisualStudioVersion = 15.0.28307.1401
MinimumVisualStudioVersion = 10.0.40219.1
Project("{8BC9CEB8-8B4A-11D0-8D11-00A0C91BC942}") = "Vostok-4", "Vostok-4\Vostok-4.vcxproj", "{4F607A58-940B-4E9D-9292-F76944BF20E5}"
EndProject
Project("{8BC9CEB8-8B4A-11D0-8D11-00A0C91BC942}") = "UnitTest1", "UnitTest1\UnitTest1.vcxproj", "{50AB32CB-6C34-4682-A834-A0B506A7A4CE}"
EndProject
Project("{888888A0-9F3D-457C-B088-3A5042F75D52}") = "vostok4_py", "vostok4_py\vostok4_py.pyproj", "{D9BAA2E1-03CC-44EC-8D88-E443EAF32046}"
EndProject
Global
	GlobalSection(SolutionConfigurationPlatforms) = preSolution
		Debug|Any CPU = Debug|Any CPU
		Debug|x64 = Debug|x64
		Debug|x86 = Debug|x86
		Release|Any CPU = Release|Any CPU
		Release|x64 = Release|x64
		Release|x86 = Release|x86
	EndGlobalSection
	GlobalSection(ProjectConfigurationPlatforms) = postSolution
		{4F607A58-940B-4E9D-9292-F76944BF20E5}.Debug|Any CPU.ActiveCfg = Debug|Win32
		{4F607A58-940B-4E9D-9292-F76944BF20E5}.Debug|x64.ActiveCfg = Debug|x64
		{4F607A58-940B-4E9D-9292-F76944BF20E5}.Debug|x64.Build.0 = Debug|x64
		{4F607A58-940B-4E9D-9292-F76944BF20E5}.Debug|x86.ActiveCfg = Debug|Win32
		{4F607A58-940B-4E9D-9292-F76944BF20E5}.Debug|x86.Build.0 = Debug|Win32
		{4F607A58-940B-4E9D-9292-F76944BF20E5}.Release|Any CPU.ActiveCfg = Release|Win32
		{4F607A58-940B-4E9D-9292-F76944BF20E5}.Release|x64.ActiveCfg = Release|x64
		{4F607A58-940B-4E9D-9292-F76944BF20E5}.Release|x64.Build.0 = Release|x64
		{4F607A58-940B-4E9D-9292-F76944BF20E5}.Release|x86.ActiveCfg = Release|Win32
		{4F607A58-940B-4E9D-9292-F76944BF20E5}.Release|x86.Build.0 = Release|Win32
		{50AB32CB-6C34-4682-A834-A0B506A7A4CE}.Debug|Any CPU.ActiveCfg = Debug|Win32
		{50AB32CB-6C34-4682-A834-A0B506A7A4CE}.Debug|x64.ActiveCfg = Debug|x64
		{50AB32CB-6C34-4682-A834-A0B506A7A4CE}.Debug|x64.Build.0 = Debug|x64
		{50AB32CB-6C34-4682-A834-A0B506A7A4CE}.Debug|x86.ActiveCfg = Debug|Win32
		{50AB32CB-6C34-4682-A834-A0B506A7A4CE}.Debug|x86.Build.0 = Debug|Win32
		{50AB32CB-6C34-4682-A834-A0B506A7A4CE}.Release|Any CPU.ActiveCfg = Release|Win32
		{50AB32CB-6C34-4682-A834-A0B506A7A4CE}.Release|x64.ActiveCfg = Release|x64
		{50AB32CB-6C34-4682-A834-A0B506A7A4CE}.Release|x64.Build.0 = Release|x64
		{50AB32CB-6C34-4682-A834-A0B506A7A4CE}.Release|x86.ActiveCfg = Release|Win32
		{50AB32CB-6C34-4682-A834-A0B506A7A4CE}.Release|x86.Build.0 = Release|Win32
		{D9BAA2E1-03CC-44EC-8D88-E443EAF32046}.Debug|Any CPU.ActiveCfg = Debug|Any CPU
		{D9BAA2E1-03CC-44EC-8D88-E443EAF32046}.Debug|x64.ActiveCfg = Debug|Any CPU
		{D9BAA2E1-03CC-44EC-8D88-E443EAF32046}.Debug|x86.ActiveCfg = Debug|Any CPU
		{D9BAA2E1-03CC-44EC-8D88-E443EAF32046}.Release|Any CPU.ActiveCfg = Release|Any CPU
		{D9BAA2E1-03CC-44EC-8D88-E443EAF32046}.Release|x64.ActiveCfg = Release|Any CPU
		{D9BAA2E1-03CC-44EC-8D88-E443EAF32046}.Release|x86.ActiveCfg = Release|Any CPU
	EndGlobalSection
	GlobalSection(SolutionProperties) = preSolution
		HideSolutionNode = FALSE
	EndGlobalSection
	GlobalSection(ExtensibilityGlobals) = postSolution
		SolutionGuid = {D1993D88-6DD6-45DA-9C39-A5948E4D2407}
	EndGlobalSection
EndGlobal
